# THIS IS AN AUTOGENERATED FILE. DO NOT EDIT THIS FILE DIRECTLY.
# yarn lockfile v1


iso3166-2-db@^2.3.8:
  version "2.3.8"
  resolved "https://registry.yarnpkg.com/iso3166-2-db/-/iso3166-2-db-2.3.8.tgz#6655b3dee2c59a0f2c3e8f79e935c957a301db40"
  integrity sha512-6YKT1I2dS5EFP2gEvR5Sp+YlbTHik2JuErwwWMJmXiq4ButUGSm+2AsIfoZbPuaFdg81d31B5AozHinau+D6kQ==
